
Microsoft Visual Studio Solution File, Format Version 11.00
# Visual Studio 2010
Project("{8BC9CEB8-8B4A-11D0-8D11-00A0C91BC942}") = "MainColorMode", "MainColorMode\MainColorMode.vcxproj", "{D0C975C4-5E58-4E0A-8DFE-68B330BE4D85}"
EndProject
Project("{FAE04EC0-301F-11D3-BF4B-00C04F79EFBC}") = "ColorInterface", "interface\ColorInterface.csproj", "{BC78DE89-3A7F-4690-8553-F4D5D310890B}"
EndProject
Global
	GlobalSection(SolutionConfigurationPlatforms) = preSolution
		Debug|Mixed Platforms = Debug|Mixed Platforms
		Debug|Win32 = Debug|Win32
		Debug|x64 = Debug|x64
		Debug|x86 = Debug|x86
		Release|Mixed Platforms = Release|Mixed Platforms
		Release|Win32 = Release|Win32
		Release|x64 = Release|x64
		Release|x86 = Release|x86
	EndGlobalSection
	GlobalSection(ProjectConfigurationPlatforms) = postSolution
		{D0C975C4-5E58-4E0A-8DFE-68B330BE4D85}.Debug|Mixed Platforms.ActiveCfg = Debug|x64
		{D0C975C4-5E58-4E0A-8DFE-68B330BE4D85}.Debug|Mixed Platforms.Build.0 = Debug|x64
		{D0C975C4-5E58-4E0A-8DFE-68B330BE4D85}.Debug|Win32.ActiveCfg = Debug|Win32
		{D0C975C4-5E58-4E0A-8DFE-68B330BE4D85}.Debug|Win32.Build.0 = Debug|Win32
		{D0C975C4-5E58-4E0A-8DFE-68B330BE4D85}.Debug|x64.ActiveCfg = Debug|x64
		{D0C975C4-5E58-4E0A-8DFE-68B330BE4D85}.Debug|x64.Build.0 = Debug|x64
		{D0C975C4-5E58-4E0A-8DFE-68B330BE4D85}.Debug|x86.ActiveCfg = Debug|x64
		{D0C975C4-5E58-4E0A-8DFE-68B330BE4D85}.Release|Mixed Platforms.ActiveCfg = Release|x64
		{D0C975C4-5E58-4E0A-8DFE-68B330BE4D85}.Release|Mixed Platforms.Build.0 = Release|x64
		{D0C975C4-5E58-4E0A-8DFE-68B330BE4D85}.Release|Win32.ActiveCfg = Release|Win32
		{D0C975C4-5E58-4E0A-8DFE-68B330BE4D85}.Release|Win32.Build.0 = Release|Win32
		{D0C975C4-5E58-4E0A-8DFE-68B330BE4D85}.Release|x64.ActiveCfg = Release|x64
		{D0C975C4-5E58-4E0A-8DFE-68B330BE4D85}.Release|x64.Build.0 = Release|x64
		{D0C975C4-5E58-4E0A-8DFE-68B330BE4D85}.Release|x86.ActiveCfg = Release|x64
		{BC78DE89-3A7F-4690-8553-F4D5D310890B}.Debug|Mixed Platforms.ActiveCfg = Debug|x86
		{BC78DE89-3A7F-4690-8553-F4D5D310890B}.Debug|Mixed Platforms.Build.0 = Debug|x86
		{BC78DE89-3A7F-4690-8553-F4D5D310890B}.Debug|Win32.ActiveCfg = Debug|x86
		{BC78DE89-3A7F-4690-8553-F4D5D310890B}.Debug|x64.ActiveCfg = Debug|x86
		{BC78DE89-3A7F-4690-8553-F4D5D310890B}.Debug|x86.ActiveCfg = Debug|x86
		{BC78DE89-3A7F-4690-8553-F4D5D310890B}.Debug|x86.Build.0 = Debug|x86
		{BC78DE89-3A7F-4690-8553-F4D5D310890B}.Release|Mixed Platforms.ActiveCfg = Release|x86
		{BC78DE89-3A7F-4690-8553-F4D5D310890B}.Release|Mixed Platforms.Build.0 = Release|x86
		{BC78DE89-3A7F-4690-8553-F4D5D310890B}.Release|Win32.ActiveCfg = Release|x86
		{BC78DE89-3A7F-4690-8553-F4D5D310890B}.Release|x64.ActiveCfg = Release|x86
		{BC78DE89-3A7F-4690-8553-F4D5D310890B}.Release|x86.ActiveCfg = Release|x86
		{BC78DE89-3A7F-4690-8553-F4D5D310890B}.Release|x86.Build.0 = Release|x86
	EndGlobalSection
	GlobalSection(SolutionProperties) = preSolution
		HideSolutionNode = FALSE
	EndGlobalSection
EndGlobal
